// !$*UTF8*$!
{
	archiveVersion = 1;
	classes = {
	};
	objectVersion = 46;
	objects = {

/* Begin PBXBuildFile section */
		368B37AD1B35D1A10075643F /* Images.xcassets in Resources */ = {isa = PBXBuildFile; fileRef = 368B37AC1B35D1A10075643F /* Images.xcassets */; };
		368B37BC1B35D1A10075643F /* RealmSampleAppTests.swift in Sources */ = {isa = PBXBuildFile; fileRef = 368B37BB1B35D1A10075643F /* RealmSampleAppTests.swift */; };
		36AB40171B3710D900C73EE9 /* TopViewController.swift in Sources */ = {isa = PBXBuildFile; fileRef = 36AB40161B3710D900C73EE9 /* TopViewController.swift */; };
		36AB401A1B37112B00C73EE9 /* AddDataViewController.swift in Sources */ = {isa = PBXBuildFile; fileRef = 36AB40181B37112B00C73EE9 /* AddDataViewController.swift */; };
		36AB401B1B37112B00C73EE9 /* AppConsts.swift in Sources */ = {isa = PBXBuildFile; fileRef = 36AB40191B37112B00C73EE9 /* AppConsts.swift */; };
		36AB401F1B37116300C73EE9 /* DataCRUD.storyboard in Resources */ = {isa = PBXBuildFile; fileRef = 36AB401C1B37116300C73EE9 /* DataCRUD.storyboard */; };
		36AB40201B37116300C73EE9 /* EditDataViewController.swift in Sources */ = {isa = PBXBuildFile; fileRef = 36AB401D1B37116300C73EE9 /* EditDataViewController.swift */; };
		36AB40211B37116300C73EE9 /* Main.storyboard in Resources */ = {isa = PBXBuildFile; fileRef = 36AB401E1B37116300C73EE9 /* Main.storyboard */; };
		36AB40231B3711E300C73EE9 /* AppDelegate.swift in Sources */ = {isa = PBXBuildFile; fileRef = 36AB40221B3711E300C73EE9 /* AppDelegate.swift */; };
		36AB40251B37122A00C73EE9 /* LaunchScreen.xib in Resources */ = {isa = PBXBuildFile; fileRef = 36AB40241B37122A00C73EE9 /* LaunchScreen.xib */; };
/* End PBXBuildFile section */

/* Begin PBXContainerItemProxy section */
		368B37B61B35D1A10075643F /* PBXContainerItemProxy */ = {
			isa = PBXContainerItemProxy;
			containerPortal = 368B37981B35D1A10075643F /* Project object */;
			proxyType = 1;
			remoteGlobalIDString = 368B379F1B35D1A10075643F;
			remoteInfo = RealmSampleApp;
		};
/* End PBXContainerItemProxy section */

/* Begin PBXFileReference section */
		368B37A01B35D1A10075643F /* RealmSampleApp.app */ = {isa = PBXFileReference; explicitFileType = wrapper.application; includeInIndex = 0; path = RealmSampleApp.app; sourceTree = BUILT_PRODUCTS_DIR; };
		368B37A41B35D1A10075643F /* Info.plist */ = {isa = PBXFileReference; lastKnownFileType = text.plist.xml; path = Info.plist; sourceTree = "<group>"; };
		368B37AC1B35D1A10075643F /* Images.xcassets */ = {isa = PBXFileReference; lastKnownFileType = folder.assetcatalog; path = Images.xcassets; sourceTree = "<group>"; };
		368B37B51B35D1A10075643F /* RealmSampleAppTests.xctest */ = {isa = PBXFileReference; explicitFileType = wrapper.cfbundle; includeInIndex = 0; path = RealmSampleAppTests.xctest; sourceTree = BUILT_PRODUCTS_DIR; };
		368B37BA1B35D1A10075643F /* Info.plist */ = {isa = PBXFileReference; lastKnownFileType = text.plist.xml; path = Info.plist; sourceTree = "<group>"; };
		368B37BB1B35D1A10075643F /* RealmSampleAppTests.swift */ = {isa = PBXFileReference; lastKnownFileType = sourcecode.swift; path = RealmSampleAppTests.swift; sourceTree = "<group>"; };
		36AB40161B3710D900C73EE9 /* TopViewController.swift */ = {isa = PBXFileReference; fileEncoding = 4; lastKnownFileType = sourcecode.swift; name = TopViewController.swift; path = Classes/TopViewController.swift; sourceTree = "<group>"; };
		36AB40181B37112B00C73EE9 /* AddDataViewController.swift */ = {isa = PBXFileReference; fileEncoding = 4; lastKnownFileType = sourcecode.swift; name = AddDataViewController.swift; path = Classes/AddDataViewController.swift; sourceTree = "<group>"; };
		36AB40191B37112B00C73EE9 /* AppConsts.swift */ = {isa = PBXFileReference; fileEncoding = 4; lastKnownFileType = sourcecode.swift; name = AppConsts.swift; path = Classes/AppConsts.swift; sourceTree = "<group>"; };
		36AB401C1B37116300C73EE9 /* DataCRUD.storyboard */ = {isa = PBXFileReference; fileEncoding = 4; lastKnownFileType = file.storyboard; name = DataCRUD.storyboard; path = Classes/DataCRUD.storyboard; sourceTree = "<group>"; };
		36AB401D1B37116300C73EE9 /* EditDataViewController.swift */ = {isa = PBXFileReference; fileEncoding = 4; lastKnownFileType = sourcecode.swift; name = EditDataViewController.swift; path = Classes/EditDataViewController.swift; sourceTree = "<group>"; };
		36AB401E1B37116300C73EE9 /* Main.storyboard */ = {isa = PBXFileReference; fileEncoding = 4; lastKnownFileType = file.storyboard; name = Main.storyboard; path = Classes/Main.storyboard; sourceTree = "<group>"; };
		36AB40221B3711E300C73EE9 /* AppDelegate.swift */ = {isa = PBXFileReference; fileEncoding = 4; lastKnownFileType = sourcecode.swift; name = AppDelegate.swift; path = Classes/AppDelegate.swift; sourceTree = "<group>"; };
		36AB40241B37122A00C73EE9 /* LaunchScreen.xib */ = {isa = PBXFileReference; fileEncoding = 4; lastKnownFileType = file.xib; name = LaunchScreen.xib; path = Classes/LaunchScreen.xib; sourceTree = "<group>"; };
/* End PBXFileReference section */

/* Begin PBXFrameworksBuildPhase section */
		368B379D1B35D1A10075643F /* Frameworks */ = {
			isa = PBXFrameworksBuildPhase;
			buildActionMask = 2147483647;
			files = (
			);
			runOnlyForDeploymentPostprocessing = 0;
		};
		368B37B21B35D1A10075643F /* Frameworks */ = {
			isa = PBXFrameworksBuildPhase;
			buildActionMask = 2147483647;
			files = (
			);
			runOnlyForDeploymentPostprocessing = 0;
		};
/* End PBXFrameworksBuildPhase section */

/* Begin PBXGroup section */
		368B37971B35D1A10075643F = {
			isa = PBXGroup;
			children = (
				368B37A21B35D1A10075643F /* RealmSampleApp */,
				368B37B81B35D1A10075643F /* RealmSampleAppTests */,
				368B37A11B35D1A10075643F /* Products */,
			);
			sourceTree = "<group>";
		};
		368B37A11B35D1A10075643F /* Products */ = {
			isa = PBXGroup;
			children = (
				368B37A01B35D1A10075643F /* RealmSampleApp.app */,
				368B37B51B35D1A10075643F /* RealmSampleAppTests.xctest */,
			);
			name = Products;
			sourceTree = "<group>";
		};
		368B37A21B35D1A10075643F /* RealmSampleApp */ = {
			isa = PBXGroup;
			children = (
				36AB40071B36F53600C73EE9 /* Classes */,
				368B37AC1B35D1A10075643F /* Images.xcassets */,
				36AB40241B37122A00C73EE9 /* LaunchScreen.xib */,
				368B37A31B35D1A10075643F /* Supporting Files */,
			);
			path = RealmSampleApp;
			sourceTree = "<group>";
		};
		368B37A31B35D1A10075643F /* Supporting Files */ = {
			isa = PBXGroup;
			children = (
				368B37A41B35D1A10075643F /* Info.plist */,
			);
			name = "Supporting Files";
			sourceTree = "<group>";
		};
		368B37B81B35D1A10075643F /* RealmSampleAppTests */ = {
			isa = PBXGroup;
			children = (
				368B37BB1B35D1A10075643F /* RealmSampleAppTests.swift */,
				368B37B91B35D1A10075643F /* Supporting Files */,
			);
			path = RealmSampleAppTests;
			sourceTree = "<group>";
		};
		368B37B91B35D1A10075643F /* Supporting Files */ = {
			isa = PBXGroup;
			children = (
				368B37BA1B35D1A10075643F /* Info.plist */,
			);
			name = "Supporting Files";
			sourceTree = "<group>";
		};
		36AB40071B36F53600C73EE9 /* Classes */ = {
			isa = PBXGroup;
			children = (
				36AB40081B36F53E00C73EE9 /* Views */,
				36AB40091B36F54600C73EE9 /* Models */,
				36AB40221B3711E300C73EE9 /* AppDelegate.swift */,
			);
			name = Classes;
			sourceTree = "<group>";
		};
		36AB40081B36F53E00C73EE9 /* Views */ = {
			isa = PBXGroup;
			children = (
				36AB401E1B37116300C73EE9 /* Main.storyboard */,
				36AB40161B3710D900C73EE9 /* TopViewController.swift */,
				36AB401C1B37116300C73EE9 /* DataCRUD.storyboard */,
				36AB40181B37112B00C73EE9 /* AddDataViewController.swift */,
				36AB401D1B37116300C73EE9 /* EditDataViewController.swift */,
			);
			name = Views;
			sourceTree = "<group>";
		};
		36AB40091B36F54600C73EE9 /* Models */ = {
			isa = PBXGroup;
			children = (
				36AB40191B37112B00C73EE9 /* AppConsts.swift */,
			);
			name = Models;
			sourceTree = "<group>";
		};
/* End PBXGroup section */

/* Begin PBXNativeTarget section */
		368B379F1B35D1A10075643F /* RealmSampleApp */ = {
			isa = PBXNativeTarget;
			buildConfigurationList = 368B37BF1B35D1A10075643F /* Build configuration list for PBXNativeTarget "RealmSampleApp" */;
			buildPhases = (
				368B379C1B35D1A10075643F /* Sources */,
				368B379D1B35D1A10075643F /* Frameworks */,
				368B379E1B35D1A10075643F /* Resources */,
			);
			buildRules = (
			);
			dependencies = (
			);
			name = RealmSampleApp;
			productName = RealmSampleApp;
			productReference = 368B37A01B35D1A10075643F /* RealmSampleApp.app */;
			productType = "com.apple.product-type.application";
		};
		368B37B41B35D1A10075643F /* RealmSampleAppTests */ = {
			isa = PBXNativeTarget;
			buildConfigurationList = 368B37C21B35D1A10075643F /* Build configuration list for PBXNativeTarget "RealmSampleAppTests" */;
			buildPhases = (
				368B37B11B35D1A10075643F /* Sources */,
				368B37B21B35D1A10075643F /* Frameworks */,
				368B37B31B35D1A10075643F /* Resources */,
			);
			buildRules = (
			);
			dependencies = (
				368B37B71B35D1A10075643F /* PBXTargetDependency */,
			);
			name = RealmSampleAppTests;
			productName = RealmSampleAppTests;
			productReference = 368B37B51B35D1A10075643F /* RealmSampleAppTests.xctest */;
			productType = "com.apple.product-type.bundle.unit-test";
		};
/* End PBXNativeTarget section */

/* Begin PBXProject section */
		368B37981B35D1A10075643F /* Project object */ = {
			isa = PBXProject;
			attributes = {
				LastUpgradeCheck = 0630;
				ORGANIZATIONNAME = "zrn-ns.com";
				TargetAttributes = {
					368B379F1B35D1A10075643F = {
						CreatedOnToolsVersion = 6.3.2;
					};
					368B37B41B35D1A10075643F = {
						CreatedOnToolsVersion = 6.3.2;
						TestTargetID = 368B379F1B35D1A10075643F;
					};
				};
			};
			buildConfigurationList = 368B379B1B35D1A10075643F /* Build configuration list for PBXProject "RealmSampleApp" */;
			compatibilityVersion = "Xcode 3.2";
			developmentRegion = English;
			hasScannedForEncodings = 0;
			knownRegions = (
				en,
				Base,
			);
			mainGroup = 368B37971B35D1A10075643F;
			productRefGroup = 368B37A11B35D1A10075643F /* Products */;
			projectDirPath = "";
			projectRoot = "";
			targets = (
				368B379F1B35D1A10075643F /* RealmSampleApp */,
				368B37B41B35D1A10075643F /* RealmSampleAppTests */,
			);
		};
/* End PBXProject section */

/* Begin PBXResourcesBuildPhase section */
		368B379E1B35D1A10075643F /* Resources */ = {
			isa = PBXResourcesBuildPhase;
			buildActionMask = 2147483647;
			files = (
				36AB40251B37122A00C73EE9 /* LaunchScreen.xib in Resources */,
				368B37AD1B35D1A10075643F /* Images.xcassets in Resources */,
				36AB40211B37116300C73EE9 /* Main.storyboard in Resources */,
				36AB401F1B37116300C73EE9 /* DataCRUD.storyboard in Resources */,
			);
			runOnlyForDeploymentPostprocessing = 0;
		};
		368B37B31B35D1A10075643F /* Resources */ = {
			isa = PBXResourcesBuildPhase;
			buildActionMask = 2147483647;
			files = (
			);
			runOnlyForDeploymentPostprocessing = 0;
		};
/* End PBXResourcesBuildPhase section */

/* Begin PBXSourcesBuildPhase section */
		368B379C1B35D1A10075643F /* Sources */ = {
			isa = PBXSourcesBuildPhase;
			buildActionMask = 2147483647;
			files = (
				36AB40231B3711E300C73EE9 /* AppDelegate.swift in Sources */,
				36AB40171B3710D900C73EE9 /* TopViewController.swift in Sources */,
				36AB401B1B37112B00C73EE9 /* AppConsts.swift in Sources */,
				36AB40201B37116300C73EE9 /* EditDataViewController.swift in Sources */,
				36AB401A1B37112B00C73EE9 /* AddDataViewController.swift in Sources */,
			);
			runOnlyForDeploymentPostprocessing = 0;
		};
		368B37B11B35D1A10075643F /* Sources */ = {
			isa = PBXSourcesBuildPhase;
			buildActionMask = 2147483647;
			files = (
				368B37BC1B35D1A10075643F /* RealmSampleAppTests.swift in Sources */,
			);
			runOnlyForDeploymentPostprocessing = 0;
		};
/* End PBXSourcesBuildPhase section */

/* Begin PBXTargetDependency section */
		368B37B71B35D1A10075643F /* PBXTargetDependency */ = {
			isa = PBXTargetDependency;
			target = 368B379F1B35D1A10075643F /* RealmSampleApp */;
			targetProxy = 368B37B61B35D1A10075643F /* PBXContainerItemProxy */;
		};
/* End PBXTargetDependency section */

/* Begin XCBuildConfiguration section */
		368B37BD1B35D1A10075643F /* Debug */ = {
			isa = XCBuildConfiguration;
			buildSettings = {
				ALWAYS_SEARCH_USER_PATHS = NO;
				CLANG_CXX_LANGUAGE_STANDARD = "gnu++0x";
				CLANG_CXX_LIBRARY = "libc++";
				CLANG_ENABLE_MODULES = YES;
				CLANG_ENABLE_OBJC_ARC = YES;
				CLANG_WARN_BOOL_CONVERSION = YES;
				CLANG_WARN_CONSTANT_CONVERSION = YES;
				CLANG_WARN_DIRECT_OBJC_ISA_USAGE = YES_ERROR;
				CLANG_WARN_EMPTY_BODY = YES;
				CLANG_WARN_ENUM_CONVERSION = YES;
				CLANG_WARN_INT_CONVERSION = YES;
				CLANG_WARN_OBJC_ROOT_CLASS = YES_ERROR;
				CLANG_WARN_UNREACHABLE_CODE = YES;
				CLANG_WARN__DUPLICATE_METHOD_MATCH = YES;
				"CODE_SIGN_IDENTITY[sdk=iphoneos*]" = "iPhone Developer";
				COPY_PHASE_STRIP = NO;
				DEBUG_INFORMATION_FORMAT = "dwarf-with-dsym";
				ENABLE_STRICT_OBJC_MSGSEND = YES;
				GCC_C_LANGUAGE_STANDARD = gnu99;
				GCC_DYNAMIC_NO_PIC = NO;
				GCC_NO_COMMON_BLOCKS = YES;
				GCC_OPTIMIZATION_LEVEL = 0;
				GCC_PREPROCESSOR_DEFINITIONS = (
					"DEBUG=1",
					"$(inherited)",
				);
				GCC_SYMBOLS_PRIVATE_EXTERN = NO;
				GCC_WARN_64_TO_32_BIT_CONVERSION = YES;
				GCC_WARN_ABOUT_RETURN_TYPE = YES_ERROR;
				GCC_WARN_UNDECLARED_SELECTOR = YES;
				GCC_WARN_UNINITIALIZED_AUTOS = YES_AGGRESSIVE;
				GCC_WARN_UNUSED_FUNCTION = YES;
				GCC_WARN_UNUSED_VARIABLE = YES;
				IPHONEOS_DEPLOYMENT_TARGET = 8.3;
				MTL_ENABLE_DEBUG_INFO = YES;
				ONLY_ACTIVE_ARCH = YES;
				SDKROOT = iphoneos;
				SWIFT_OPTIMIZATION_LEVEL = "-Onone";
				TARGETED_DEVICE_FAMILY = "1,2";
			};
			name = Debug;
		};
		368B37BE1B35D1A10075643F /* Release */ = {
			isa = XCBuildConfiguration;
			buildSettings = {
				ALWAYS_SEARCH_USER_PATHS = NO;
				CLANG_CXX_LANGUAGE_STANDARD = "gnu++0x";
				CLANG_CXX_LIBRARY = "libc++";
				CLANG_ENABLE_MODULES = YES;
				CLANG_ENABLE_OBJC_ARC = YES;
				CLANG_WARN_BOOL_CONVERSION = YES;
				CLANG_WARN_CONSTANT_CONVERSION = YES;
				CLANG_WARN_DIRECT_OBJC_ISA_USAGE = YES_ERROR;
				CLANG_WARN_EMPTY_BODY = YES;
				CLANG_WARN_ENUM_CONVERSION = YES;
				CLANG_WARN_INT_CONVERSION = YES;
				CLANG_WARN_OBJC_ROOT_CLASS = YES_ERROR;
				CLANG_WARN_UNREACHABLE_CODE = YES;
				CLANG_WARN__DUPLICATE_METHOD_MATCH = YES;
				"CODE_SIGN_IDENTITY[sdk=iphoneos*]" = "iPhone Developer";
				COPY_PHASE_STRIP = NO;
				DEBUG_INFORMATION_FORMAT = "dwarf-with-dsym";
				ENABLE_NS_ASSERTIONS = NO;
				ENABLE_STRICT_OBJC_MSGSEND = YES;
				GCC_C_LANGUAGE_STANDARD = gnu99;
				GCC_NO_COMMON_BLOCKS = YES;
				GCC_WARN_64_TO_32_BIT_CONVERSION = YES;
				GCC_WARN_ABOUT_RETURN_TYPE = YES_ERROR;
				GCC_WARN_UNDECLARED_SELECTOR = YES;
				GCC_WARN_UNINITIALIZED_AUTOS = YES_AGGRESSIVE;
				GCC_WARN_UNUSED_FUNCTION = YES;
				GCC_WARN_UNUSED_VARIABLE = YES;
				IPHONEOS_DEPLOYMENT_TARGET = 8.3;
				MTL_ENABLE_DEBUG_INFO = NO;
				SDKROOT = iphoneos;
				TARGETED_DEVICE_FAMILY = "1,2";
				VALIDATE_PRODUCT = YES;
			};
			name = Release;
		};
		368B37C01B35D1A10075643F /* Debug */ = {
			isa = XCBuildConfiguration;
			buildSettings = {
				ASSETCATALOG_COMPILER_APPICON_NAME = AppIcon;
				CLANG_ENABLE_MODULES = YES;
				INFOPLIST_FILE = RealmSampleApp/Info.plist;
				LD_RUNPATH_SEARCH_PATHS = "$(inherited) @executable_path/Frameworks";
				PRODUCT_NAME = "$(TARGET_NAME)";
				SWIFT_OPTIMIZATION_LEVEL = "-Onone";
			};
			name = Debug;
		};
		368B37C11B35D1A10075643F /* Release */ = {
			isa = XCBuildConfiguration;
			buildSettings = {
				ASSETCATALOG_COMPILER_APPICON_NAME = AppIcon;
				CLANG_ENABLE_MODULES = YES;
				INFOPLIST_FILE = RealmSampleApp/Info.plist;
				LD_RUNPATH_SEARCH_PATHS = "$(inherited) @executable_path/Frameworks";
				PRODUCT_NAME = "$(TARGET_NAME)";
			};
			name = Release;
		};
		368B37C31B35D1A10075643F /* Debug */ = {
			isa = XCBuildConfiguration;
			buildSettings = {
				BUNDLE_LOADER = "$(TEST_HOST)";
				FRAMEWORK_SEARCH_PATHS = (
					"$(SDKROOT)/Developer/Library/Frameworks",
					"$(inherited)",
				);
				GCC_PREPROCESSOR_DEFINITIONS = (
					"DEBUG=1",
					"$(inherited)",
				);
				INFOPLIST_FILE = RealmSampleAppTests/Info.plist;
				LD_RUNPATH_SEARCH_PATHS = "$(inherited) @executable_path/Frameworks @loader_path/Frameworks";
				PRODUCT_NAME = "$(TARGET_NAME)";
				TEST_HOST = "$(BUILT_PRODUCTS_DIR)/RealmSampleApp.app/RealmSampleApp";
			};
			name = Debug;
		};
		368B37C41B35D1A10075643F /* Release */ = {
			isa = XCBuildConfiguration;
			buildSettings = {
				BUNDLE_LOADER = "$(TEST_HOST)";
				FRAMEWORK_SEARCH_PATHS = (
					"$(SDKROOT)/Developer/Library/Frameworks",
					"$(inherited)",
				);
				INFOPLIST_FILE = RealmSampleAppTests/Info.plist;
				LD_RUNPATH_SEARCH_PATHS = "$(inherited) @executable_path/Frameworks @loader_path/Frameworks";
				PRODUCT_NAME = "$(TARGET_NAME)";
				TEST_HOST = "$(BUILT_PRODUCTS_DIR)/RealmSampleApp.app/RealmSampleApp";
			};
			name = Release;
		};
/* End XCBuildConfiguration section */

/* Begin XCConfigurationList section */
		368B379B1B35D1A10075643F /* Build configuration list for PBXProject "RealmSampleApp" */ = {
			isa = XCConfigurationList;
			buildConfigurations = (
				368B37BD1B35D1A10075643F /* Debug */,
				368B37BE1B35D1A10075643F /* Release */,
			);
			defaultConfigurationIsVisible = 0;
			defaultConfigurationName = Release;
		};
		368B37BF1B35D1A10075643F /* Build configuration list for PBXNativeTarget "RealmSampleApp" */ = {
			isa = XCConfigurationList;
			buildConfigurations = (
				368B37C01B35D1A10075643F /* Debug */,
				368B37C11B35D1A10075643F /* Release */,
			);
			defaultConfigurationIsVisible = 0;
			defaultConfigurationName = Release;
		};
		368B37C21B35D1A10075643F /* Build configuration list for PBXNativeTarget "RealmSampleAppTests" */ = {
			isa = XCConfigurationList;
			buildConfigurations = (
				368B37C31B35D1A10075643F /* Debug */,
				368B37C41B35D1A10075643F /* Release */,
			);
			defaultConfigurationIsVisible = 0;
			defaultConfigurationName = Release;
		};
/* End XCConfigurationList section */
	};
	rootObject = 368B37981B35D1A10075643F /* Project object */;
}
